PODS:
  - Masonry (1.1.0)
  - SDWebImage (5.4.0):
    - SDWebImage/Core (= 5.4.0)
  - SDWebImage/Core (5.4.0)
  - YYKit (1.0.9):
    - YYKit/no-arc (= 1.0.9)
  - YYKit/no-arc (1.0.9)

DEPENDENCIES:
  - Masonry
  - SDWebImage (~> 5.4.0)
  - YYKit (~> 1.0.9)

SPEC REPOS:
  trunk:
    - Masonry
    - SDWebImage
    - YYKit

SPEC CHECKSUMS:
  Masonry: 678fab65091a9290e40e2832a55e7ab731aad201
  SDWebImage: 5bf6aec6481ae2a062bdc59f9d6c1d1e552090e0
  YYKit: 7cda43304a8dc3696c449041e2cb3107b4e236e7

PODFILE CHECKSUM: 2004878490d37a671d052f13fa9c8ad5173dd4f4

COCOAPODS: 1.8.4
